
Microsoft Visual Studio Solution File, Format Version 12.00
# Visual Studio 2013
VisualStudioVersion = 12.0.40629.0
MinimumVisualStudioVersion = 10.0.40219.1
Project("{FAE04EC0-301F-11D3-BF4B-00C04F79EFBC}") = "Polymorphism_sample", "Polymorphism_sample\Polymorphism_sample.csproj", "{416DC5A2-67B6-477E-9487-9CC1A32C25EF}"
EndProject
Global
	GlobalSection(SolutionConfigurationPlatforms) = preSolution
		Debug|Any CPU = Debug|Any CPU
		Release|Any CPU = Release|Any CPU
	EndGlobalSection
	GlobalSection(ProjectConfigurationPlatforms) = postSolution
		{416DC5A2-67B6-477E-9487-9CC1A32C25EF}.Debug|Any CPU.ActiveCfg = Debug|Any CPU
		{416DC5A2-67B6-477E-9487-9CC1A32C25EF}.Debug|Any CPU.Build.0 = Debug|Any CPU
		{416DC5A2-67B6-477E-9487-9CC1A32C25EF}.Release|Any CPU.ActiveCfg = Release|Any CPU
		{416DC5A2-67B6-477E-9487-9CC1A32C25EF}.Release|Any CPU.Build.0 = Release|Any CPU
	EndGlobalSection
	GlobalSection(SolutionProperties) = preSolution
		HideSolutionNode = FALSE
	EndGlobalSection
EndGlobal
